PODS:
  - Capacitor (7.6.9):
    - CapacitorCordova
  - CapacitorApp (7.1.2):
    - Capacitor
  - CapacitorCordova (7.6.9)
  - CapacitorFilesystem (7.1.8):
    - Capacitor
    - IONFilesystemLib (~> 1.1.1)
  - CapacitorStatusBar (7.0.6):
    - Capacitor
  - IONFilesystemLib (1.1.2)
  - UnisimSdk (0.139.0):
    - Capacitor

DEPENDENCIES:
  - "Capacitor (from `../../node_modules/@capacitor/ios`)"
  - "CapacitorApp (from `../../node_modules/@capacitor/app`)"
  - "CapacitorCordova (from `../../node_modules/@capacitor/ios`)"
  - "CapacitorFilesystem (from `../../node_modules/@capacitor/filesystem`)"
  - "CapacitorStatusBar (from `../../node_modules/@capacitor/status-bar`)"
  - "UnisimSdk (from `../../node_modules/@unisim/sdk`)"

SPEC REPOS:
  trunk:
    - IONFilesystemLib

EXTERNAL SOURCES:
  Capacitor:
    :path: "../../node_modules/@capacitor/ios"
  CapacitorApp:
    :path: "../../node_modules/@capacitor/app"
  CapacitorCordova:
    :path: "../../node_modules/@capacitor/ios"
  CapacitorFilesystem:
    :path: "../../node_modules/@capacitor/filesystem"
  CapacitorStatusBar:
    :path: "../../node_modules/@capacitor/status-bar"
  UnisimSdk:
    :path: "../../node_modules/@unisim/sdk"

SPEC CHECKSUMS:
  Capacitor: 46067d1c8df89760dbed78780d436327d588c726
  CapacitorApp: f01a913211780e0718dae9750442c3e23f96e106
  CapacitorCordova: 2080fc0d6bfbc9dcc0e6d88e77fa624190d343ca
  CapacitorFilesystem: c63fc54df41e5a6761785a7f3c49dc696c22e296
  CapacitorStatusBar: 416e9e53fd6397e668d4a181cd2131617d949bd6
  IONFilesystemLib: 21a63377696b2d8fab5632ecfb7d2ac67bddb68a
  UnisimSdk: ba0ab1bd94a5a0bb1953cef7e8d66b9a222f68c1

PODFILE CHECKSUM: ee6a25b9a41b64fa7d328f58d21e2e2e92ab522f

COCOAPODS: 1.16.2
